
Microsoft Visual Studio Solution File, Format Version 12.00
# Visual Studio Version 16
VisualStudioVersion = 16.0.31005.135
MinimumVisualStudioVersion = 10.0.40219.1
Project("{FAE04EC0-301F-11D3-BF4B-00C04F79EFBC}") = "Exam", "Exam\Exam.csproj", "{3A2312C0-0C30-4AA6-8195-31D559938996}"
EndProject
Global
	GlobalSection(SolutionConfigurationPlatforms) = preSolution
		Debug|Any CPU = Debug|Any CPU
		Release|Any CPU = Release|Any CPU
	EndGlobalSection
	GlobalSection(ProjectConfigurationPlatforms) = postSolution
		{3A2312C0-0C30-4AA6-8195-31D559938996}.Debug|Any CPU.ActiveCfg = Debug|Any CPU
		{3A2312C0-0C30-4AA6-8195-31D559938996}.Debug|Any CPU.Build.0 = Debug|Any CPU
		{3A2312C0-0C30-4AA6-8195-31D559938996}.Release|Any CPU.ActiveCfg = Release|Any CPU
		{3A2312C0-0C30-4AA6-8195-31D559938996}.Release|Any CPU.Build.0 = Release|Any CPU
	EndGlobalSection
	GlobalSection(SolutionProperties) = preSolution
		HideSolutionNode = FALSE
	EndGlobalSection
	GlobalSection(ExtensibilityGlobals) = postSolution
		SolutionGuid = {EA7944FB-C70B-4AAA-AF08-5852FF6BE0F9}
	EndGlobalSection
EndGlobal
